
Microsoft Visual Studio Solution File, Format Version 12.00
# Visual Studio 15
VisualStudioVersion = 15.0.28307.1500
MinimumVisualStudioVersion = 10.0.40219.1
Project("{FAE04EC0-301F-11D3-BF4B-00C04F79EFBC}") = "Uri_1158", "Uri_1158\Uri_1158.csproj", "{6847FC6B-77BD-457D-A020-3C9E41A71203}"
EndProject
Global
	GlobalSection(SolutionConfigurationPlatforms) = preSolution
		Debug|Any CPU = Debug|Any CPU
		Release|Any CPU = Release|Any CPU
	EndGlobalSection
	GlobalSection(ProjectConfigurationPlatforms) = postSolution
		{6847FC6B-77BD-457D-A020-3C9E41A71203}.Debug|Any CPU.ActiveCfg = Debug|Any CPU
		{6847FC6B-77BD-457D-A020-3C9E41A71203}.Debug|Any CPU.Build.0 = Debug|Any CPU
		{6847FC6B-77BD-457D-A020-3C9E41A71203}.Release|Any CPU.ActiveCfg = Release|Any CPU
		{6847FC6B-77BD-457D-A020-3C9E41A71203}.Release|Any CPU.Build.0 = Release|Any CPU
	EndGlobalSection
	GlobalSection(SolutionProperties) = preSolution
		HideSolutionNode = FALSE
	EndGlobalSection
	GlobalSection(ExtensibilityGlobals) = postSolution
		SolutionGuid = {040C3F15-9716-44C5-B6B5-ADBE7E86D19E}
	EndGlobalSection
EndGlobal
